
Microsoft Visual Studio Solution File, Format Version 12.00
# Visual Studio Version 17
VisualStudioVersion = 17.8.34227.203
MinimumVisualStudioVersion = 10.0.40219.1
Project("{FAE04EC0-301F-11D3-BF4B-00C04F79EFBC}") = "AoC2023_Day2", "AoC2023_Day2\AoC2023_Day2.csproj", "{94E080CF-01B2-491B-8975-7F32070D084E}"
EndProject
Global
	GlobalSection(SolutionConfigurationPlatforms) = preSolution
		Debug|Any CPU = Debug|Any CPU
		Release|Any CPU = Release|Any CPU
	EndGlobalSection
	GlobalSection(ProjectConfigurationPlatforms) = postSolution
		{94E080CF-01B2-491B-8975-7F32070D084E}.Debug|Any CPU.ActiveCfg = Debug|Any CPU
		{94E080CF-01B2-491B-8975-7F32070D084E}.Debug|Any CPU.Build.0 = Debug|Any CPU
		{94E080CF-01B2-491B-8975-7F32070D084E}.Release|Any CPU.ActiveCfg = Release|Any CPU
		{94E080CF-01B2-491B-8975-7F32070D084E}.Release|Any CPU.Build.0 = Release|Any CPU
	EndGlobalSection
	GlobalSection(SolutionProperties) = preSolution
		HideSolutionNode = FALSE
	EndGlobalSection
	GlobalSection(ExtensibilityGlobals) = postSolution
		SolutionGuid = {7B89C16E-2627-444E-8BD0-984238572119}
	EndGlobalSection
EndGlobal
