
Microsoft Visual Studio Solution File, Format Version 12.00
# Visual Studio Version 17
VisualStudioVersion = 17.8.34227.203
MinimumVisualStudioVersion = 10.0.40219.1
Project("{FAE04EC0-301F-11D3-BF4B-00C04F79EFBC}") = "AoC_2022_1", "AoC_2022_1\AoC_2022_1.csproj", "{68A83BF8-32BB-4E90-8587-3041B847DAFF}"
EndProject
Global
	GlobalSection(SolutionConfigurationPlatforms) = preSolution
		Debug|Any CPU = Debug|Any CPU
		Release|Any CPU = Release|Any CPU
	EndGlobalSection
	GlobalSection(ProjectConfigurationPlatforms) = postSolution
		{68A83BF8-32BB-4E90-8587-3041B847DAFF}.Debug|Any CPU.ActiveCfg = Debug|Any CPU
		{68A83BF8-32BB-4E90-8587-3041B847DAFF}.Debug|Any CPU.Build.0 = Debug|Any CPU
		{68A83BF8-32BB-4E90-8587-3041B847DAFF}.Release|Any CPU.ActiveCfg = Release|Any CPU
		{68A83BF8-32BB-4E90-8587-3041B847DAFF}.Release|Any CPU.Build.0 = Release|Any CPU
	EndGlobalSection
	GlobalSection(SolutionProperties) = preSolution
		HideSolutionNode = FALSE
	EndGlobalSection
	GlobalSection(ExtensibilityGlobals) = postSolution
		SolutionGuid = {7FE82310-2BDB-46B4-B9E8-BE37D8C1E7E8}
	EndGlobalSection
EndGlobal
